
Microsoft Visual Studio Solution File, Format Version 12.00
# Visual Studio Version 16
VisualStudioVersion = 16.0.29613.14
MinimumVisualStudioVersion = 10.0.40219.1
Project("{9A19103F-16F7-4668-BE54-9A1E7A4F7556}") = "Blog", "Blog\Blog.csproj", "{7503BBC2-93F8-4CDA-BE30-EBAE1D993F5E}"
EndProject
Project("{9A19103F-16F7-4668-BE54-9A1E7A4F7556}") = "Blog.Service", "Blog.Service\Blog.Service.csproj", "{78DCEB36-7CD1-4B81-AFDF-B64146CF345A}"
EndProject
Project("{9A19103F-16F7-4668-BE54-9A1E7A4F7556}") = "Blog.Test", "Blog.Test\Blog.Test.csproj", "{2DA68A2C-8B31-4D5A-8ED5-343C5AD9D8CA}"
EndProject
Global
	GlobalSection(SolutionConfigurationPlatforms) = preSolution
		Debug|Any CPU = Debug|Any CPU
		Release|Any CPU = Release|Any CPU
	EndGlobalSection
	GlobalSection(ProjectConfigurationPlatforms) = postSolution
		{7503BBC2-93F8-4CDA-BE30-EBAE1D993F5E}.Debug|Any CPU.ActiveCfg = Debug|Any CPU
		{7503BBC2-93F8-4CDA-BE30-EBAE1D993F5E}.Debug|Any CPU.Build.0 = Debug|Any CPU
		{7503BBC2-93F8-4CDA-BE30-EBAE1D993F5E}.Release|Any CPU.ActiveCfg = Release|Any CPU
		{7503BBC2-93F8-4CDA-BE30-EBAE1D993F5E}.Release|Any CPU.Build.0 = Release|Any CPU
		{78DCEB36-7CD1-4B81-AFDF-B64146CF345A}.Debug|Any CPU.ActiveCfg = Debug|Any CPU
		{78DCEB36-7CD1-4B81-AFDF-B64146CF345A}.Debug|Any CPU.Build.0 = Debug|Any CPU
		{78DCEB36-7CD1-4B81-AFDF-B64146CF345A}.Release|Any CPU.ActiveCfg = Release|Any CPU
		{78DCEB36-7CD1-4B81-AFDF-B64146CF345A}.Release|Any CPU.Build.0 = Release|Any CPU
		{2DA68A2C-8B31-4D5A-8ED5-343C5AD9D8CA}.Debug|Any CPU.ActiveCfg = Debug|Any CPU
		{2DA68A2C-8B31-4D5A-8ED5-343C5AD9D8CA}.Debug|Any CPU.Build.0 = Debug|Any CPU
		{2DA68A2C-8B31-4D5A-8ED5-343C5AD9D8CA}.Release|Any CPU.ActiveCfg = Release|Any CPU
		{2DA68A2C-8B31-4D5A-8ED5-343C5AD9D8CA}.Release|Any CPU.Build.0 = Release|Any CPU
	EndGlobalSection
	GlobalSection(SolutionProperties) = preSolution
		HideSolutionNode = FALSE
	EndGlobalSection
	GlobalSection(ExtensibilityGlobals) = postSolution
		SolutionGuid = {AF27F985-20A9-4CFE-8B8E-AADD31BCCAFA}
	EndGlobalSection
EndGlobal
